
Microsoft Visual Studio Solution File, Format Version 12.00
# Visual Studio Version 17
VisualStudioVersion = 17.0.31903.59
MinimumVisualStudioVersion = 10.0.40219.1
Project("{FAE04EC0-301F-11D3-BF4B-00C04F79EFBC}") = "ZagaLoader", "ZagaLoader\ZagaLoader.csproj", "{0E2142CD-19FD-4E2F-9951-3D3E128FE7C3}"
EndProject
Project("{FAE04EC0-301F-11D3-BF4B-00C04F79EFBC}") = "ZagaUpdater", "ZagaUpdater\ZagaUpdater.csproj", "{3E715BA3-4A12-4762-9A43-AFD23717E65E}"
EndProject
Global
	GlobalSection(SolutionConfigurationPlatforms) = preSolution
		Debug|Any CPU = Debug|Any CPU
		Release|Any CPU = Release|Any CPU
	EndGlobalSection
	GlobalSection(SolutionProperties) = preSolution
		HideSolutionNode = FALSE
	EndGlobalSection
	GlobalSection(ProjectConfigurationPlatforms) = postSolution
		{0E2142CD-19FD-4E2F-9951-3D3E128FE7C3}.Debug|Any CPU.ActiveCfg = Debug|Any CPU
		{0E2142CD-19FD-4E2F-9951-3D3E128FE7C3}.Debug|Any CPU.Build.0 = Debug|Any CPU
		{0E2142CD-19FD-4E2F-9951-3D3E128FE7C3}.Release|Any CPU.ActiveCfg = Release|Any CPU
		{0E2142CD-19FD-4E2F-9951-3D3E128FE7C3}.Release|Any CPU.Build.0 = Release|Any CPU
		{3E715BA3-4A12-4762-9A43-AFD23717E65E}.Debug|Any CPU.ActiveCfg = Debug|Any CPU
		{3E715BA3-4A12-4762-9A43-AFD23717E65E}.Debug|Any CPU.Build.0 = Debug|Any CPU
		{3E715BA3-4A12-4762-9A43-AFD23717E65E}.Release|Any CPU.ActiveCfg = Release|Any CPU
		{3E715BA3-4A12-4762-9A43-AFD23717E65E}.Release|Any CPU.Build.0 = Release|Any CPU
	EndGlobalSection
EndGlobal
